// !$*UTF8*$!
{
	archiveVersion = 1;
	classes = {
	};
	objectVersion = 56;
	objects = {

/* Begin PBXBuildFile section */
		691649292C09D34400F65DAF /* DatabaseHelper.swift in Sources */ = {isa = PBXBuildFile; fileRef = 691649282C09D34400F65DAF /* DatabaseHelper.swift */; };
		691649322C0A2C6000F65DAF /* SidebarView.swift in Sources */ = {isa = PBXBuildFile; fileRef = 691649312C0A2C6000F65DAF /* SidebarView.swift */; };
		691649342C0A2C7E00F65DAF /* MainContentView.swift in Sources */ = {isa = PBXBuildFile; fileRef = 691649332C0A2C7E00F65DAF /* MainContentView.swift */; };
		691649362C0A2C9500F65DAF /* ChatView.swift in Sources */ = {isa = PBXBuildFile; fileRef = 691649352C0A2C9500F65DAF /* ChatView.swift */; };
		691649382C0A2CAC00F65DAF /* SettingsView.swift in Sources */ = {isa = PBXBuildFile; fileRef = 691649372C0A2CAC00F65DAF /* SettingsView.swift */; };
		6916493A2C0A2CD100F65DAF /* CustomButtonStyles.swift in Sources */ = {isa = PBXBuildFile; fileRef = 691649392C0A2CD100F65DAF /* CustomButtonStyles.swift */; };
		6916493C2C0A2CEE00F65DAF /* ChatViewModel.swift in Sources */ = {isa = PBXBuildFile; fileRef = 6916493B2C0A2CEE00F65DAF /* ChatViewModel.swift */; };
		6916493E2C0A2D2D00F65DAF /* SettingsViewModel.swift in Sources */ = {isa = PBXBuildFile; fileRef = 6916493D2C0A2D2D00F65DAF /* SettingsViewModel.swift */; };
		691649402C0A2D4400F65DAF /* APIService.swift in Sources */ = {isa = PBXBuildFile; fileRef = 6916493F2C0A2D4400F65DAF /* APIService.swift */; };
		691649422C0A2D7200F65DAF /* ServerService.swift in Sources */ = {isa = PBXBuildFile; fileRef = 691649412C0A2D7200F65DAF /* ServerService.swift */; };
		691649442C0A2E6500F65DAF /* TypeEffectHandler.swift in Sources */ = {isa = PBXBuildFile; fileRef = 691649432C0A2E6500F65DAF /* TypeEffectHandler.swift */; };
		691649462C0A2E9300F65DAF /* ChatMessage.swift in Sources */ = {isa = PBXBuildFile; fileRef = 691649452C0A2E9300F65DAF /* ChatMessage.swift */; };
		691649482C0A2E9F00F65DAF /* ChatResponse.swift in Sources */ = {isa = PBXBuildFile; fileRef = 691649472C0A2E9F00F65DAF /* ChatResponse.swift */; };
		6916494A2C0A2EAB00F65DAF /* ModelResponse.swift in Sources */ = {isa = PBXBuildFile; fileRef = 691649492C0A2EAB00F65DAF /* ModelResponse.swift */; };
		6916494C2C0A2EB800F65DAF /* GenerateResponse.swift in Sources */ = {isa = PBXBuildFile; fileRef = 6916494B2C0A2EB800F65DAF /* GenerateResponse.swift */; };
		6916494E2C0A2EC400F65DAF /* DownloadResponse.swift in Sources */ = {isa = PBXBuildFile; fileRef = 6916494D2C0A2EC400F65DAF /* DownloadResponse.swift */; };
		691649502C0A2ED000F65DAF /* ErrorResponse.swift in Sources */ = {isa = PBXBuildFile; fileRef = 6916494F2C0A2ED000F65DAF /* ErrorResponse.swift */; };
		691649522C0A2EDA00F65DAF /* PullModelStatus.swift in Sources */ = {isa = PBXBuildFile; fileRef = 691649512C0A2EDA00F65DAF /* PullModelStatus.swift */; };
		691649542C0AB36C00F65DAF /* ModelManagementView.swift in Sources */ = {isa = PBXBuildFile; fileRef = 691649532C0AB36C00F65DAF /* ModelManagementView.swift */; };
		691649562C0AB3BA00F65DAF /* ModelManagementViewModel.swift in Sources */ = {isa = PBXBuildFile; fileRef = 691649552C0AB3BA00F65DAF /* ModelManagementViewModel.swift */; };
		6927F4662C09D1D1006405F6 /* SQLite in Frameworks */ = {isa = PBXBuildFile; productRef = 6927F4652C09D1D1006405F6 /* SQLite */; };
		698320772C0833430047EE51 /* allamaApp.swift in Sources */ = {isa = PBXBuildFile; fileRef = 698320762C0833430047EE51 /* allamaApp.swift */; };
		698320792C0833430047EE51 /* ContentView.swift in Sources */ = {isa = PBXBuildFile; fileRef = 698320782C0833430047EE51 /* ContentView.swift */; };
		6983207B2C0833450047EE51 /* Assets.xcassets in Resources */ = {isa = PBXBuildFile; fileRef = 6983207A2C0833450047EE51 /* Assets.xcassets */; };
		6983207F2C0833450047EE51 /* Preview Assets.xcassets in Resources */ = {isa = PBXBuildFile; fileRef = 6983207E2C0833450047EE51 /* Preview Assets.xcassets */; };
		698320892C0833450047EE51 /* allamaTests.swift in Sources */ = {isa = PBXBuildFile; fileRef = 698320882C0833450047EE51 /* allamaTests.swift */; };
		698320932C0833450047EE51 /* allamaUITests.swift in Sources */ = {isa = PBXBuildFile; fileRef = 698320922C0833450047EE51 /* allamaUITests.swift */; };
		698320952C0833450047EE51 /* allamaUITestsLaunchTests.swift in Sources */ = {isa = PBXBuildFile; fileRef = 698320942C0833450047EE51 /* allamaUITestsLaunchTests.swift */; };
		698320A72C09858C0047EE51 /* MarkdownUI in Frameworks */ = {isa = PBXBuildFile; productRef = 698320A62C09858C0047EE51 /* MarkdownUI */; };
/* End PBXBuildFile section */

/* Begin PBXContainerItemProxy section */
		698320852C0833450047EE51 /* PBXContainerItemProxy */ = {
			isa = PBXContainerItemProxy;
			containerPortal = 6983206B2C0833430047EE51 /* Project object */;
			proxyType = 1;
			remoteGlobalIDString = 698320722C0833430047EE51;
			remoteInfo = allama;
		};
		6983208F2C0833450047EE51 /* PBXContainerItemProxy */ = {
			isa = PBXContainerItemProxy;
			containerPortal = 6983206B2C0833430047EE51 /* Project object */;
			proxyType = 1;
			remoteGlobalIDString = 698320722C0833430047EE51;
			remoteInfo = allama;
		};
/* End PBXContainerItemProxy section */

/* Begin PBXFileReference section */
		691649282C09D34400F65DAF /* DatabaseHelper.swift */ = {isa = PBXFileReference; lastKnownFileType = sourcecode.swift; path = DatabaseHelper.swift; sourceTree = "<group>"; };
		691649312C0A2C6000F65DAF /* SidebarView.swift */ = {isa = PBXFileReference; lastKnownFileType = sourcecode.swift; path = SidebarView.swift; sourceTree = "<group>"; };
		691649332C0A2C7E00F65DAF /* MainContentView.swift */ = {isa = PBXFileReference; lastKnownFileType = sourcecode.swift; path = MainContentView.swift; sourceTree = "<group>"; };
		691649352C0A2C9500F65DAF /* ChatView.swift */ = {isa = PBXFileReference; lastKnownFileType = sourcecode.swift; path = ChatView.swift; sourceTree = "<group>"; };
		691649372C0A2CAC00F65DAF /* SettingsView.swift */ = {isa = PBXFileReference; lastKnownFileType = sourcecode.swift; path = SettingsView.swift; sourceTree = "<group>"; };
		691649392C0A2CD100F65DAF /* CustomButtonStyles.swift */ = {isa = PBXFileReference; lastKnownFileType = sourcecode.swift; path = CustomButtonStyles.swift; sourceTree = "<group>"; };
		6916493B2C0A2CEE00F65DAF /* ChatViewModel.swift */ = {isa = PBXFileReference; lastKnownFileType = sourcecode.swift; path = ChatViewModel.swift; sourceTree = "<group>"; };
		6916493D2C0A2D2D00F65DAF /* SettingsViewModel.swift */ = {isa = PBXFileReference; lastKnownFileType = sourcecode.swift; path = SettingsViewModel.swift; sourceTree = "<group>"; };
		6916493F2C0A2D4400F65DAF /* APIService.swift */ = {isa = PBXFileReference; lastKnownFileType = sourcecode.swift; path = APIService.swift; sourceTree = "<group>"; };
		691649412C0A2D7200F65DAF /* ServerService.swift */ = {isa = PBXFileReference; lastKnownFileType = sourcecode.swift; path = ServerService.swift; sourceTree = "<group>"; };
		691649432C0A2E6500F65DAF /* TypeEffectHandler.swift */ = {isa = PBXFileReference; lastKnownFileType = sourcecode.swift; path = TypeEffectHandler.swift; sourceTree = "<group>"; };
		691649452C0A2E9300F65DAF /* ChatMessage.swift */ = {isa = PBXFileReference; lastKnownFileType = sourcecode.swift; path = ChatMessage.swift; sourceTree = "<group>"; };
		691649472C0A2E9F00F65DAF /* ChatResponse.swift */ = {isa = PBXFileReference; fileEncoding = 4; lastKnownFileType = sourcecode.swift; path = ChatResponse.swift; sourceTree = "<group>"; };
		691649492C0A2EAB00F65DAF /* ModelResponse.swift */ = {isa = PBXFileReference; fileEncoding = 4; lastKnownFileType = sourcecode.swift; path = ModelResponse.swift; sourceTree = "<group>"; };
		6916494B2C0A2EB800F65DAF /* GenerateResponse.swift */ = {isa = PBXFileReference; fileEncoding = 4; lastKnownFileType = sourcecode.swift; path = GenerateResponse.swift; sourceTree = "<group>"; };
		6916494D2C0A2EC400F65DAF /* DownloadResponse.swift */ = {isa = PBXFileReference; fileEncoding = 4; lastKnownFileType = sourcecode.swift; path = DownloadResponse.swift; sourceTree = "<group>"; };
		6916494F2C0A2ED000F65DAF /* ErrorResponse.swift */ = {isa = PBXFileReference; fileEncoding = 4; lastKnownFileType = sourcecode.swift; path = ErrorResponse.swift; sourceTree = "<group>"; };
		691649512C0A2EDA00F65DAF /* PullModelStatus.swift */ = {isa = PBXFileReference; fileEncoding = 4; lastKnownFileType = sourcecode.swift; path = PullModelStatus.swift; sourceTree = "<group>"; };
		691649532C0AB36C00F65DAF /* ModelManagementView.swift */ = {isa = PBXFileReference; fileEncoding = 4; lastKnownFileType = sourcecode.swift; path = ModelManagementView.swift; sourceTree = "<group>"; };
		691649552C0AB3BA00F65DAF /* ModelManagementViewModel.swift */ = {isa = PBXFileReference; fileEncoding = 4; lastKnownFileType = sourcecode.swift; path = ModelManagementViewModel.swift; sourceTree = "<group>"; };
		698320732C0833430047EE51 /* allama.app */ = {isa = PBXFileReference; explicitFileType = wrapper.application; includeInIndex = 0; path = allama.app; sourceTree = BUILT_PRODUCTS_DIR; };
		698320762C0833430047EE51 /* allamaApp.swift */ = {isa = PBXFileReference; lastKnownFileType = sourcecode.swift; path = allamaApp.swift; sourceTree = "<group>"; };
		698320782C0833430047EE51 /* ContentView.swift */ = {isa = PBXFileReference; lastKnownFileType = sourcecode.swift; path = ContentView.swift; sourceTree = "<group>"; };
		6983207A2C0833450047EE51 /* Assets.xcassets */ = {isa = PBXFileReference; lastKnownFileType = folder.assetcatalog; path = Assets.xcassets; sourceTree = "<group>"; };
		6983207C2C0833450047EE51 /* allama.entitlements */ = {isa = PBXFileReference; lastKnownFileType = text.plist.entitlements; path = allama.entitlements; sourceTree = "<group>"; };
		6983207E2C0833450047EE51 /* Preview Assets.xcassets */ = {isa = PBXFileReference; lastKnownFileType = folder.assetcatalog; path = "Preview Assets.xcassets"; sourceTree = "<group>"; };
		698320842C0833450047EE51 /* allamaTests.xctest */ = {isa = PBXFileReference; explicitFileType = wrapper.cfbundle; includeInIndex = 0; path = allamaTests.xctest; sourceTree = BUILT_PRODUCTS_DIR; };
		698320882C0833450047EE51 /* allamaTests.swift */ = {isa = PBXFileReference; lastKnownFileType = sourcecode.swift; path = allamaTests.swift; sourceTree = "<group>"; };
		6983208E2C0833450047EE51 /* allamaUITests.xctest */ = {isa = PBXFileReference; explicitFileType = wrapper.cfbundle; includeInIndex = 0; path = allamaUITests.xctest; sourceTree = BUILT_PRODUCTS_DIR; };
		698320922C0833450047EE51 /* allamaUITests.swift */ = {isa = PBXFileReference; lastKnownFileType = sourcecode.swift; path = allamaUITests.swift; sourceTree = "<group>"; };
		698320942C0833450047EE51 /* allamaUITestsLaunchTests.swift */ = {isa = PBXFileReference; lastKnownFileType = sourcecode.swift; path = allamaUITestsLaunchTests.swift; sourceTree = "<group>"; };
		698320A12C0856780047EE51 /* allama.entitlements */ = {isa = PBXFileReference; lastKnownFileType = text.plist.entitlements; path = allama.entitlements; sourceTree = "<group>"; };
		698320A42C0965D10047EE51 /* Info.plist */ = {isa = PBXFileReference; lastKnownFileType = text.plist; path = Info.plist; sourceTree = "<group>"; };
/* End PBXFileReference section */

/* Begin PBXFrameworksBuildPhase section */
		698320702C0833430047EE51 /* Frameworks */ = {
			isa = PBXFrameworksBuildPhase;
			buildActionMask = 2147483647;
			files = (
				6927F4662C09D1D1006405F6 /* SQLite in Frameworks */,
				698320A72C09858C0047EE51 /* MarkdownUI in Frameworks */,
			);
			runOnlyForDeploymentPostprocessing = 0;
		};
		698320812C0833450047EE51 /* Frameworks */ = {
			isa = PBXFrameworksBuildPhase;
			buildActionMask = 2147483647;
			files = (
			);
			runOnlyForDeploymentPostprocessing = 0;
		};
		6983208B2C0833450047EE51 /* Frameworks */ = {
			isa = PBXFrameworksBuildPhase;
			buildActionMask = 2147483647;
			files = (
			);
			runOnlyForDeploymentPostprocessing = 0;
		};
/* End PBXFrameworksBuildPhase section */

/* Begin PBXGroup section */
		6916492A2C0A2BAE00F65DAF /* Views */ = {
			isa = PBXGroup;
			children = (
				691649312C0A2C6000F65DAF /* SidebarView.swift */,
				691649532C0AB36C00F65DAF /* ModelManagementView.swift */,
				691649332C0A2C7E00F65DAF /* MainContentView.swift */,
				691649352C0A2C9500F65DAF /* ChatView.swift */,
				691649372C0A2CAC00F65DAF /* SettingsView.swift */,
				691649392C0A2CD100F65DAF /* CustomButtonStyles.swift */,
			);
			path = Views;
			sourceTree = "<group>";
		};
		6916492B2C0A2BCB00F65DAF /* Models */ = {
			isa = PBXGroup;
			children = (
				691649452C0A2E9300F65DAF /* ChatMessage.swift */,
				691649472C0A2E9F00F65DAF /* ChatResponse.swift */,
				691649492C0A2EAB00F65DAF /* ModelResponse.swift */,
				6916494B2C0A2EB800F65DAF /* GenerateResponse.swift */,
				6916494D2C0A2EC400F65DAF /* DownloadResponse.swift */,
				6916494F2C0A2ED000F65DAF /* ErrorResponse.swift */,
				691649512C0A2EDA00F65DAF /* PullModelStatus.swift */,
			);
			path = Models;
			sourceTree = "<group>";
		};
		6916492C2C0A2BD600F65DAF /* ViewModels */ = {
			isa = PBXGroup;
			children = (
				6916493B2C0A2CEE00F65DAF /* ChatViewModel.swift */,
				6916493D2C0A2D2D00F65DAF /* SettingsViewModel.swift */,
				691649552C0AB3BA00F65DAF /* ModelManagementViewModel.swift */,
			);
			path = ViewModels;
			sourceTree = "<group>";
		};
		6916492D2C0A2BF000F65DAF /* Services */ = {
			isa = PBXGroup;
			children = (
				6916493F2C0A2D4400F65DAF /* APIService.swift */,
				691649412C0A2D7200F65DAF /* ServerService.swift */,
			);
			path = Services;
			sourceTree = "<group>";
		};
		6916492E2C0A2C0600F65DAF /* Helpers */ = {
			isa = PBXGroup;
			children = (
				691649282C09D34400F65DAF /* DatabaseHelper.swift */,
				691649432C0A2E6500F65DAF /* TypeEffectHandler.swift */,
			);
			path = Helpers;
			sourceTree = "<group>";
		};
		6983206A2C0833430047EE51 = {
			isa = PBXGroup;
			children = (
				698320A12C0856780047EE51 /* allama.entitlements */,
				698320752C0833430047EE51 /* allama */,
				698320872C0833450047EE51 /* allamaTests */,
				698320912C0833450047EE51 /* allamaUITests */,
				698320742C0833430047EE51 /* Products */,
			);
			sourceTree = "<group>";
		};
		698320742C0833430047EE51 /* Products */ = {
			isa = PBXGroup;
			children = (
				698320732C0833430047EE51 /* allama.app */,
				698320842C0833450047EE51 /* allamaTests.xctest */,
				6983208E2C0833450047EE51 /* allamaUITests.xctest */,
			);
			name = Products;
			sourceTree = "<group>";
		};
		698320752C0833430047EE51 /* allama */ = {
			isa = PBXGroup;
			children = (
				6916492E2C0A2C0600F65DAF /* Helpers */,
				6916492D2C0A2BF000F65DAF /* Services */,
				6916492C2C0A2BD600F65DAF /* ViewModels */,
				6916492B2C0A2BCB00F65DAF /* Models */,
				6916492A2C0A2BAE00F65DAF /* Views */,
				698320A42C0965D10047EE51 /* Info.plist */,
				698320762C0833430047EE51 /* allamaApp.swift */,
				698320782C0833430047EE51 /* ContentView.swift */,
				6983207A2C0833450047EE51 /* Assets.xcassets */,
				6983207C2C0833450047EE51 /* allama.entitlements */,
				6983207D2C0833450047EE51 /* Preview Content */,
			);
			path = allama;
			sourceTree = "<group>";
		};
		6983207D2C0833450047EE51 /* Preview Content */ = {
			isa = PBXGroup;
			children = (
				6983207E2C0833450047EE51 /* Preview Assets.xcassets */,
			);
			path = "Preview Content";
			sourceTree = "<group>";
		};
		698320872C0833450047EE51 /* allamaTests */ = {
			isa = PBXGroup;
			children = (
				698320882C0833450047EE51 /* allamaTests.swift */,
			);
			path = allamaTests;
			sourceTree = "<group>";
		};
		698320912C0833450047EE51 /* allamaUITests */ = {
			isa = PBXGroup;
			children = (
				698320922C0833450047EE51 /* allamaUITests.swift */,
				698320942C0833450047EE51 /* allamaUITestsLaunchTests.swift */,
			);
			path = allamaUITests;
			sourceTree = "<group>";
		};
/* End PBXGroup section */

/* Begin PBXNativeTarget section */
		698320722C0833430047EE51 /* allama */ = {
			isa = PBXNativeTarget;
			buildConfigurationList = 698320982C0833450047EE51 /* Build configuration list for PBXNativeTarget "allama" */;
			buildPhases = (
				6983206F2C0833430047EE51 /* Sources */,
				698320702C0833430047EE51 /* Frameworks */,
				698320712C0833430047EE51 /* Resources */,
			);
			buildRules = (
			);
			dependencies = (
			);
			name = allama;
			packageProductDependencies = (
				698320A62C09858C0047EE51 /* MarkdownUI */,
				6927F4652C09D1D1006405F6 /* SQLite */,
			);
			productName = allama;
			productReference = 698320732C0833430047EE51 /* allama.app */;
			productType = "com.apple.product-type.application";
		};
		698320832C0833450047EE51 /* allamaTests */ = {
			isa = PBXNativeTarget;
			buildConfigurationList = 6983209B2C0833450047EE51 /* Build configuration list for PBXNativeTarget "allamaTests" */;
			buildPhases = (
				698320802C0833450047EE51 /* Sources */,
				698320812C0833450047EE51 /* Frameworks */,
				698320822C0833450047EE51 /* Resources */,
			);
			buildRules = (
			);
			dependencies = (
				698320862C0833450047EE51 /* PBXTargetDependency */,
			);
			name = allamaTests;
			productName = allamaTests;
			productReference = 698320842C0833450047EE51 /* allamaTests.xctest */;
			productType = "com.apple.product-type.bundle.unit-test";
		};
		6983208D2C0833450047EE51 /* allamaUITests */ = {
			isa = PBXNativeTarget;
			buildConfigurationList = 6983209E2C0833450047EE51 /* Build configuration list for PBXNativeTarget "allamaUITests" */;
			buildPhases = (
				6983208A2C0833450047EE51 /* Sources */,
				6983208B2C0833450047EE51 /* Frameworks */,
				6983208C2C0833450047EE51 /* Resources */,
			);
			buildRules = (
			);
			dependencies = (
				698320902C0833450047EE51 /* PBXTargetDependency */,
			);
			name = allamaUITests;
			productName = allamaUITests;
			productReference = 6983208E2C0833450047EE51 /* allamaUITests.xctest */;
			productType = "com.apple.product-type.bundle.ui-testing";
		};
/* End PBXNativeTarget section */

/* Begin PBXProject section */
		6983206B2C0833430047EE51 /* Project object */ = {
			isa = PBXProject;
			attributes = {
				BuildIndependentTargetsInParallel = 1;
				LastSwiftUpdateCheck = 1540;
				LastUpgradeCheck = 1540;
				TargetAttributes = {
					698320722C0833430047EE51 = {
						CreatedOnToolsVersion = 15.4;
					};
					698320832C0833450047EE51 = {
						CreatedOnToolsVersion = 15.4;
						TestTargetID = 698320722C0833430047EE51;
					};
					6983208D2C0833450047EE51 = {
						CreatedOnToolsVersion = 15.4;
						TestTargetID = 698320722C0833430047EE51;
					};
				};
			};
			buildConfigurationList = 6983206E2C0833430047EE51 /* Build configuration list for PBXProject "allama" */;
			compatibilityVersion = "Xcode 14.0";
			developmentRegion = en;
			hasScannedForEncodings = 0;
			knownRegions = (
				en,
				Base,
			);
			mainGroup = 6983206A2C0833430047EE51;
			packageReferences = (
				698320A52C09853C0047EE51 /* XCRemoteSwiftPackageReference "MarkdownUI" */,
				698320A92C09CF2F0047EE51 /* XCRemoteSwiftPackageReference "SQLite" */,
			);
			productRefGroup = 698320742C0833430047EE51 /* Products */;
			projectDirPath = "";
			projectRoot = "";
			targets = (
				698320722C0833430047EE51 /* allama */,
				698320832C0833450047EE51 /* allamaTests */,
				6983208D2C0833450047EE51 /* allamaUITests */,
			);
		};
/* End PBXProject section */

/* Begin PBXResourcesBuildPhase section */
		698320712C0833430047EE51 /* Resources */ = {
			isa = PBXResourcesBuildPhase;
			buildActionMask = 2147483647;
			files = (
				6983207F2C0833450047EE51 /* Preview Assets.xcassets in Resources */,
				6983207B2C0833450047EE51 /* Assets.xcassets in Resources */,
			);
			runOnlyForDeploymentPostprocessing = 0;
		};
		698320822C0833450047EE51 /* Resources */ = {
			isa = PBXResourcesBuildPhase;
			buildActionMask = 2147483647;
			files = (
			);
			runOnlyForDeploymentPostprocessing = 0;
		};
		6983208C2C0833450047EE51 /* Resources */ = {
			isa = PBXResourcesBuildPhase;
			buildActionMask = 2147483647;
			files = (
			);
			runOnlyForDeploymentPostprocessing = 0;
		};
/* End PBXResourcesBuildPhase section */

/* Begin PBXSourcesBuildPhase section */
		6983206F2C0833430047EE51 /* Sources */ = {
			isa = PBXSourcesBuildPhase;
			buildActionMask = 2147483647;
			files = (
				691649292C09D34400F65DAF /* DatabaseHelper.swift in Sources */,
				691649442C0A2E6500F65DAF /* TypeEffectHandler.swift in Sources */,
				691649382C0A2CAC00F65DAF /* SettingsView.swift in Sources */,
				6916494C2C0A2EB800F65DAF /* GenerateResponse.swift in Sources */,
				691649462C0A2E9300F65DAF /* ChatMessage.swift in Sources */,
				691649422C0A2D7200F65DAF /* ServerService.swift in Sources */,
				691649542C0AB36C00F65DAF /* ModelManagementView.swift in Sources */,
				6916493A2C0A2CD100F65DAF /* CustomButtonStyles.swift in Sources */,
				691649522C0A2EDA00F65DAF /* PullModelStatus.swift in Sources */,
				698320792C0833430047EE51 /* ContentView.swift in Sources */,
				691649322C0A2C6000F65DAF /* SidebarView.swift in Sources */,
				691649362C0A2C9500F65DAF /* ChatView.swift in Sources */,
				6916494E2C0A2EC400F65DAF /* DownloadResponse.swift in Sources */,
				698320772C0833430047EE51 /* allamaApp.swift in Sources */,
				6916493E2C0A2D2D00F65DAF /* SettingsViewModel.swift in Sources */,
				691649482C0A2E9F00F65DAF /* ChatResponse.swift in Sources */,
				691649502C0A2ED000F65DAF /* ErrorResponse.swift in Sources */,
				6916494A2C0A2EAB00F65DAF /* ModelResponse.swift in Sources */,
				6916493C2C0A2CEE00F65DAF /* ChatViewModel.swift in Sources */,
				691649402C0A2D4400F65DAF /* APIService.swift in Sources */,
				691649342C0A2C7E00F65DAF /* MainContentView.swift in Sources */,
				691649562C0AB3BA00F65DAF /* ModelManagementViewModel.swift in Sources */,
			);
			runOnlyForDeploymentPostprocessing = 0;
		};
		698320802C0833450047EE51 /* Sources */ = {
			isa = PBXSourcesBuildPhase;
			buildActionMask = 2147483647;
			files = (
				698320892C0833450047EE51 /* allamaTests.swift in Sources */,
			);
			runOnlyForDeploymentPostprocessing = 0;
		};
		6983208A2C0833450047EE51 /* Sources */ = {
			isa = PBXSourcesBuildPhase;
			buildActionMask = 2147483647;
			files = (
				698320952C0833450047EE51 /* allamaUITestsLaunchTests.swift in Sources */,
				698320932C0833450047EE51 /* allamaUITests.swift in Sources */,
			);
			runOnlyForDeploymentPostprocessing = 0;
		};
/* End PBXSourcesBuildPhase section */

/* Begin PBXTargetDependency section */
		698320862C0833450047EE51 /* PBXTargetDependency */ = {
			isa = PBXTargetDependency;
			target = 698320722C0833430047EE51 /* allama */;
			targetProxy = 698320852C0833450047EE51 /* PBXContainerItemProxy */;
		};
		698320902C0833450047EE51 /* PBXTargetDependency */ = {
			isa = PBXTargetDependency;
			target = 698320722C0833430047EE51 /* allama */;
			targetProxy = 6983208F2C0833450047EE51 /* PBXContainerItemProxy */;
		};
/* End PBXTargetDependency section */

/* Begin XCBuildConfiguration section */
		698320962C0833450047EE51 /* Debug */ = {
			isa = XCBuildConfiguration;
			buildSettings = {
				ALWAYS_SEARCH_USER_PATHS = NO;
				ASSETCATALOG_COMPILER_GENERATE_SWIFT_ASSET_SYMBOL_EXTENSIONS = YES;
				CLANG_ANALYZER_NONNULL = YES;
				CLANG_ANALYZER_NUMBER_OBJECT_CONVERSION = YES_AGGRESSIVE;
				CLANG_CXX_LANGUAGE_STANDARD = "gnu++20";
				CLANG_ENABLE_MODULES = YES;
				CLANG_ENABLE_OBJC_ARC = YES;
				CLANG_ENABLE_OBJC_WEAK = YES;
				CLANG_WARN_BLOCK_CAPTURE_AUTORELEASING = YES;
				CLANG_WARN_BOOL_CONVERSION = YES;
				CLANG_WARN_COMMA = YES;
				CLANG_WARN_CONSTANT_CONVERSION = YES;
				CLANG_WARN_DEPRECATED_OBJC_IMPLEMENTATIONS = YES;
				CLANG_WARN_DIRECT_OBJC_ISA_USAGE = YES_ERROR;
				CLANG_WARN_DOCUMENTATION_COMMENTS = YES;
				CLANG_WARN_EMPTY_BODY = YES;
				CLANG_WARN_ENUM_CONVERSION = YES;
				CLANG_WARN_INFINITE_RECURSION = YES;
				CLANG_WARN_INT_CONVERSION = YES;
				CLANG_WARN_NON_LITERAL_NULL_CONVERSION = YES;
				CLANG_WARN_OBJC_IMPLICIT_RETAIN_SELF = YES;
				CLANG_WARN_OBJC_LITERAL_CONVERSION = YES;
				CLANG_WARN_OBJC_ROOT_CLASS = YES_ERROR;
				CLANG_WARN_QUOTED_INCLUDE_IN_FRAMEWORK_HEADER = YES;
				CLANG_WARN_RANGE_LOOP_ANALYSIS = YES;
				CLANG_WARN_STRICT_PROTOTYPES = YES;
				CLANG_WARN_SUSPICIOUS_MOVE = YES;
				CLANG_WARN_UNGUARDED_AVAILABILITY = YES_AGGRESSIVE;
				CLANG_WARN_UNREACHABLE_CODE = YES;
				CLANG_WARN__DUPLICATE_METHOD_MATCH = YES;
				COPY_PHASE_STRIP = NO;
				DEBUG_INFORMATION_FORMAT = dwarf;
				ENABLE_STRICT_OBJC_MSGSEND = YES;
				ENABLE_TESTABILITY = YES;
				ENABLE_USER_SCRIPT_SANDBOXING = YES;
				GCC_C_LANGUAGE_STANDARD = gnu17;
				GCC_DYNAMIC_NO_PIC = NO;
				GCC_NO_COMMON_BLOCKS = YES;
				GCC_OPTIMIZATION_LEVEL = 0;
				GCC_PREPROCESSOR_DEFINITIONS = (
					"DEBUG=1",
					"$(inherited)",
				);
				GCC_WARN_64_TO_32_BIT_CONVERSION = YES;
				GCC_WARN_ABOUT_RETURN_TYPE = YES_ERROR;
				GCC_WARN_UNDECLARED_SELECTOR = YES;
				GCC_WARN_UNINITIALIZED_AUTOS = YES_AGGRESSIVE;
				GCC_WARN_UNUSED_FUNCTION = YES;
				GCC_WARN_UNUSED_VARIABLE = YES;
				LOCALIZATION_PREFERS_STRING_CATALOGS = YES;
				MTL_ENABLE_DEBUG_INFO = INCLUDE_SOURCE;
				MTL_FAST_MATH = YES;
				ONLY_ACTIVE_ARCH = YES;
				SWIFT_ACTIVE_COMPILATION_CONDITIONS = "DEBUG $(inherited)";
				SWIFT_OPTIMIZATION_LEVEL = "-Onone";
			};
			name = Debug;
		};
		698320972C0833450047EE51 /* Release */ = {
			isa = XCBuildConfiguration;
			buildSettings = {
				ALWAYS_SEARCH_USER_PATHS = NO;
				ASSETCATALOG_COMPILER_GENERATE_SWIFT_ASSET_SYMBOL_EXTENSIONS = YES;
				CLANG_ANALYZER_NONNULL = YES;
				CLANG_ANALYZER_NUMBER_OBJECT_CONVERSION = YES_AGGRESSIVE;
				CLANG_CXX_LANGUAGE_STANDARD = "gnu++20";
				CLANG_ENABLE_MODULES = YES;
				CLANG_ENABLE_OBJC_ARC = YES;
				CLANG_ENABLE_OBJC_WEAK = YES;
				CLANG_WARN_BLOCK_CAPTURE_AUTORELEASING = YES;
				CLANG_WARN_BOOL_CONVERSION = YES;
				CLANG_WARN_COMMA = YES;
				CLANG_WARN_CONSTANT_CONVERSION = YES;
				CLANG_WARN_DEPRECATED_OBJC_IMPLEMENTATIONS = YES;
				CLANG_WARN_DIRECT_OBJC_ISA_USAGE = YES_ERROR;
				CLANG_WARN_DOCUMENTATION_COMMENTS = YES;
				CLANG_WARN_EMPTY_BODY = YES;
				CLANG_WARN_ENUM_CONVERSION = YES;
				CLANG_WARN_INFINITE_RECURSION = YES;
				CLANG_WARN_INT_CONVERSION = YES;
				CLANG_WARN_NON_LITERAL_NULL_CONVERSION = YES;
				CLANG_WARN_OBJC_IMPLICIT_RETAIN_SELF = YES;
				CLANG_WARN_OBJC_LITERAL_CONVERSION = YES;
				CLANG_WARN_OBJC_ROOT_CLASS = YES_ERROR;
				CLANG_WARN_QUOTED_INCLUDE_IN_FRAMEWORK_HEADER = YES;
				CLANG_WARN_RANGE_LOOP_ANALYSIS = YES;
				CLANG_WARN_STRICT_PROTOTYPES = YES;
				CLANG_WARN_SUSPICIOUS_MOVE = YES;
				CLANG_WARN_UNGUARDED_AVAILABILITY = YES_AGGRESSIVE;
				CLANG_WARN_UNREACHABLE_CODE = YES;
				CLANG_WARN__DUPLICATE_METHOD_MATCH = YES;
				COPY_PHASE_STRIP = NO;
				DEBUG_INFORMATION_FORMAT = "dwarf-with-dsym";
				ENABLE_NS_ASSERTIONS = NO;
				ENABLE_STRICT_OBJC_MSGSEND = YES;
				ENABLE_USER_SCRIPT_SANDBOXING = YES;
				GCC_C_LANGUAGE_STANDARD = gnu17;
				GCC_NO_COMMON_BLOCKS = YES;
				GCC_WARN_64_TO_32_BIT_CONVERSION = YES;
				GCC_WARN_ABOUT_RETURN_TYPE = YES_ERROR;
				GCC_WARN_UNDECLARED_SELECTOR = YES;
				GCC_WARN_UNINITIALIZED_AUTOS = YES_AGGRESSIVE;
				GCC_WARN_UNUSED_FUNCTION = YES;
				GCC_WARN_UNUSED_VARIABLE = YES;
				LOCALIZATION_PREFERS_STRING_CATALOGS = YES;
				MTL_ENABLE_DEBUG_INFO = NO;
				MTL_FAST_MATH = YES;
				SWIFT_COMPILATION_MODE = wholemodule;
			};
			name = Release;
		};
		698320992C0833450047EE51 /* Debug */ = {
			isa = XCBuildConfiguration;
			buildSettings = {
				ASSETCATALOG_COMPILER_APPICON_NAME = AppIcon;
				ASSETCATALOG_COMPILER_GLOBAL_ACCENT_COLOR_NAME = AccentColor;
				CODE_SIGN_ENTITLEMENTS = allama/allama.entitlements;
				CODE_SIGN_STYLE = Automatic;
				CURRENT_PROJECT_VERSION = 1;
				DEVELOPMENT_ASSET_PATHS = "\"allama/Preview Content\"";
				DEVELOPMENT_TEAM = HD6L53YE9F;
				ENABLE_PREVIEWS = YES;
				GENERATE_INFOPLIST_FILE = YES;
				INFOPLIST_FILE = allama/Info.plist;
				"INFOPLIST_KEY_UIApplicationSceneManifest_Generation[sdk=iphoneos*]" = YES;
				"INFOPLIST_KEY_UIApplicationSceneManifest_Generation[sdk=iphonesimulator*]" = YES;
				"INFOPLIST_KEY_UIApplicationSupportsIndirectInputEvents[sdk=iphoneos*]" = YES;
				"INFOPLIST_KEY_UIApplicationSupportsIndirectInputEvents[sdk=iphonesimulator*]" = YES;
				"INFOPLIST_KEY_UILaunchScreen_Generation[sdk=iphoneos*]" = YES;
				"INFOPLIST_KEY_UILaunchScreen_Generation[sdk=iphonesimulator*]" = YES;
				"INFOPLIST_KEY_UIStatusBarStyle[sdk=iphoneos*]" = UIStatusBarStyleDefault;
				"INFOPLIST_KEY_UIStatusBarStyle[sdk=iphonesimulator*]" = UIStatusBarStyleDefault;
				INFOPLIST_KEY_UISupportedInterfaceOrientations_iPad = "UIInterfaceOrientationPortrait UIInterfaceOrientationPortraitUpsideDown UIInterfaceOrientationLandscapeLeft UIInterfaceOrientationLandscapeRight";
				INFOPLIST_KEY_UISupportedInterfaceOrientations_iPhone = "UIInterfaceOrientationPortrait UIInterfaceOrientationLandscapeLeft UIInterfaceOrientationLandscapeRight";
				IPHONEOS_DEPLOYMENT_TARGET = 17.5;
				LD_RUNPATH_SEARCH_PATHS = "@executable_path/Frameworks";
				"LD_RUNPATH_SEARCH_PATHS[sdk=macosx*]" = "@executable_path/../Frameworks";
				MACOSX_DEPLOYMENT_TARGET = 14.2;
				MARKETING_VERSION = 1.0;
				PRODUCT_BUNDLE_IDENTIFIER = com.cerium.allama;
				PRODUCT_NAME = "$(TARGET_NAME)";
				SDKROOT = macosx;
				SUPPORTED_PLATFORMS = macosx;
				SWIFT_EMIT_LOC_STRINGS = YES;
				SWIFT_VERSION = 5.0;
				TARGETED_DEVICE_FAMILY = "1,2";
			};
			name = Debug;
		};
		6983209A2C0833450047EE51 /* Release */ = {
			isa = XCBuildConfiguration;
			buildSettings = {
				ASSETCATALOG_COMPILER_APPICON_NAME = AppIcon;
				ASSETCATALOG_COMPILER_GLOBAL_ACCENT_COLOR_NAME = AccentColor;
				CODE_SIGN_ENTITLEMENTS = allama/allama.entitlements;
				CODE_SIGN_STYLE = Automatic;
				CURRENT_PROJECT_VERSION = 1;
				DEVELOPMENT_ASSET_PATHS = "\"allama/Preview Content\"";
				DEVELOPMENT_TEAM = HD6L53YE9F;
				ENABLE_PREVIEWS = YES;
				GENERATE_INFOPLIST_FILE = YES;
				INFOPLIST_FILE = allama/Info.plist;
				"INFOPLIST_KEY_UIApplicationSceneManifest_Generation[sdk=iphoneos*]" = YES;
				"INFOPLIST_KEY_UIApplicationSceneManifest_Generation[sdk=iphonesimulator*]" = YES;
				"INFOPLIST_KEY_UIApplicationSupportsIndirectInputEvents[sdk=iphoneos*]" = YES;
				"INFOPLIST_KEY_UIApplicationSupportsIndirectInputEvents[sdk=iphonesimulator*]" = YES;
				"INFOPLIST_KEY_UILaunchScreen_Generation[sdk=iphoneos*]" = YES;
				"INFOPLIST_KEY_UILaunchScreen_Generation[sdk=iphonesimulator*]" = YES;
				"INFOPLIST_KEY_UIStatusBarStyle[sdk=iphoneos*]" = UIStatusBarStyleDefault;
				"INFOPLIST_KEY_UIStatusBarStyle[sdk=iphonesimulator*]" = UIStatusBarStyleDefault;
				INFOPLIST_KEY_UISupportedInterfaceOrientations_iPad = "UIInterfaceOrientationPortrait UIInterfaceOrientationPortraitUpsideDown UIInterfaceOrientationLandscapeLeft UIInterfaceOrientationLandscapeRight";
				INFOPLIST_KEY_UISupportedInterfaceOrientations_iPhone = "UIInterfaceOrientationPortrait UIInterfaceOrientationLandscapeLeft UIInterfaceOrientationLandscapeRight";
				IPHONEOS_DEPLOYMENT_TARGET = 17.5;
				LD_RUNPATH_SEARCH_PATHS = "@executable_path/Frameworks";
				"LD_RUNPATH_SEARCH_PATHS[sdk=macosx*]" = "@executable_path/../Frameworks";
				MACOSX_DEPLOYMENT_TARGET = 14.2;
				MARKETING_VERSION = 1.0;
				PRODUCT_BUNDLE_IDENTIFIER = com.cerium.allama;
				PRODUCT_NAME = "$(TARGET_NAME)";
				SDKROOT = macosx;
				SUPPORTED_PLATFORMS = macosx;
				SWIFT_EMIT_LOC_STRINGS = YES;
				SWIFT_VERSION = 5.0;
				TARGETED_DEVICE_FAMILY = "1,2";
			};
			name = Release;
		};
		6983209C2C0833450047EE51 /* Debug */ = {
			isa = XCBuildConfiguration;
			buildSettings = {
				ALWAYS_EMBED_SWIFT_STANDARD_LIBRARIES = YES;
				BUNDLE_LOADER = "$(TEST_HOST)";
				CODE_SIGN_STYLE = Automatic;
				CURRENT_PROJECT_VERSION = 1;
				GENERATE_INFOPLIST_FILE = YES;
				IPHONEOS_DEPLOYMENT_TARGET = 17.5;
				MACOSX_DEPLOYMENT_TARGET = 14.2;
				MARKETING_VERSION = 1.0;
				PRODUCT_BUNDLE_IDENTIFIER = com.cerium.allamaTests;
				PRODUCT_NAME = "$(TARGET_NAME)";
				SDKROOT = auto;
				SUPPORTED_PLATFORMS = "iphoneos iphonesimulator macosx";
				SWIFT_EMIT_LOC_STRINGS = NO;
				SWIFT_VERSION = 5.0;
				TARGETED_DEVICE_FAMILY = "1,2";
				TEST_HOST = "$(BUILT_PRODUCTS_DIR)/allama.app/$(BUNDLE_EXECUTABLE_FOLDER_PATH)/allama";
			};
			name = Debug;
		};
		6983209D2C0833450047EE51 /* Release */ = {
			isa = XCBuildConfiguration;
			buildSettings = {
				ALWAYS_EMBED_SWIFT_STANDARD_LIBRARIES = YES;
				BUNDLE_LOADER = "$(TEST_HOST)";
				CODE_SIGN_STYLE = Automatic;
				CURRENT_PROJECT_VERSION = 1;
				GENERATE_INFOPLIST_FILE = YES;
				IPHONEOS_DEPLOYMENT_TARGET = 17.5;
				MACOSX_DEPLOYMENT_TARGET = 14.2;
				MARKETING_VERSION = 1.0;
				PRODUCT_BUNDLE_IDENTIFIER = com.cerium.allamaTests;
				PRODUCT_NAME = "$(TARGET_NAME)";
				SDKROOT = auto;
				SUPPORTED_PLATFORMS = "iphoneos iphonesimulator macosx";
				SWIFT_EMIT_LOC_STRINGS = NO;
				SWIFT_VERSION = 5.0;
				TARGETED_DEVICE_FAMILY = "1,2";
				TEST_HOST = "$(BUILT_PRODUCTS_DIR)/allama.app/$(BUNDLE_EXECUTABLE_FOLDER_PATH)/allama";
			};
			name = Release;
		};
		6983209F2C0833450047EE51 /* Debug */ = {
			isa = XCBuildConfiguration;
			buildSettings = {
				ALWAYS_EMBED_SWIFT_STANDARD_LIBRARIES = YES;
				CODE_SIGN_STYLE = Automatic;
				CURRENT_PROJECT_VERSION = 1;
				GENERATE_INFOPLIST_FILE = YES;
				IPHONEOS_DEPLOYMENT_TARGET = 17.5;
				MACOSX_DEPLOYMENT_TARGET = 14.2;
				MARKETING_VERSION = 1.0;
				PRODUCT_BUNDLE_IDENTIFIER = com.cerium.allamaUITests;
				PRODUCT_NAME = "$(TARGET_NAME)";
				SDKROOT = auto;
				SUPPORTED_PLATFORMS = "iphoneos iphonesimulator macosx";
				SWIFT_EMIT_LOC_STRINGS = NO;
				SWIFT_VERSION = 5.0;
				TARGETED_DEVICE_FAMILY = "1,2";
				TEST_TARGET_NAME = allama;
			};
			name = Debug;
		};
		698320A02C0833450047EE51 /* Release */ = {
			isa = XCBuildConfiguration;
			buildSettings = {
				ALWAYS_EMBED_SWIFT_STANDARD_LIBRARIES = YES;
				CODE_SIGN_STYLE = Automatic;
				CURRENT_PROJECT_VERSION = 1;
				GENERATE_INFOPLIST_FILE = YES;
				IPHONEOS_DEPLOYMENT_TARGET = 17.5;
				MACOSX_DEPLOYMENT_TARGET = 14.2;
				MARKETING_VERSION = 1.0;
				PRODUCT_BUNDLE_IDENTIFIER = com.cerium.allamaUITests;
				PRODUCT_NAME = "$(TARGET_NAME)";
				SDKROOT = auto;
				SUPPORTED_PLATFORMS = "iphoneos iphonesimulator macosx";
				SWIFT_EMIT_LOC_STRINGS = NO;
				SWIFT_VERSION = 5.0;
				TARGETED_DEVICE_FAMILY = "1,2";
				TEST_TARGET_NAME = allama;
			};
			name = Release;
		};
/* End XCBuildConfiguration section */

/* Begin XCConfigurationList section */
		6983206E2C0833430047EE51 /* Build configuration list for PBXProject "allama" */ = {
			isa = XCConfigurationList;
			buildConfigurations = (
				698320962C0833450047EE51 /* Debug */,
				698320972C0833450047EE51 /* Release */,
			);
			defaultConfigurationIsVisible = 0;
			defaultConfigurationName = Release;
		};
		698320982C0833450047EE51 /* Build configuration list for PBXNativeTarget "allama" */ = {
			isa = XCConfigurationList;
			buildConfigurations = (
				698320992C0833450047EE51 /* Debug */,
				6983209A2C0833450047EE51 /* Release */,
			);
			defaultConfigurationIsVisible = 0;
			defaultConfigurationName = Release;
		};
		6983209B2C0833450047EE51 /* Build configuration list for PBXNativeTarget "allamaTests" */ = {
			isa = XCConfigurationList;
			buildConfigurations = (
				6983209C2C0833450047EE51 /* Debug */,
				6983209D2C0833450047EE51 /* Release */,
			);
			defaultConfigurationIsVisible = 0;
			defaultConfigurationName = Release;
		};
		6983209E2C0833450047EE51 /* Build configuration list for PBXNativeTarget "allamaUITests" */ = {
			isa = XCConfigurationList;
			buildConfigurations = (
				6983209F2C0833450047EE51 /* Debug */,
				698320A02C0833450047EE51 /* Release */,
			);
			defaultConfigurationIsVisible = 0;
			defaultConfigurationName = Release;
		};
/* End XCConfigurationList section */

/* Begin XCRemoteSwiftPackageReference section */
		698320A52C09853C0047EE51 /* XCRemoteSwiftPackageReference "MarkdownUI" */ = {
			isa = XCRemoteSwiftPackageReference;
			repositoryURL = "https://github.com/gonzalezreal/MarkdownUI";
			requirement = {
				kind = upToNextMajorVersion;
				minimumVersion = 2.3.0;
			};
		};
		698320A92C09CF2F0047EE51 /* XCRemoteSwiftPackageReference "SQLite" */ = {
			isa = XCRemoteSwiftPackageReference;
			repositoryURL = "https://github.com/stephencelis/SQLite.swift";
			requirement = {
				kind = upToNextMajorVersion;
				minimumVersion = 0.15.3;
			};
		};
/* End XCRemoteSwiftPackageReference section */

/* Begin XCSwiftPackageProductDependency section */
		6927F4652C09D1D1006405F6 /* SQLite */ = {
			isa = XCSwiftPackageProductDependency;
			package = 698320A92C09CF2F0047EE51 /* XCRemoteSwiftPackageReference "SQLite" */;
			productName = SQLite;
		};
		698320A62C09858C0047EE51 /* MarkdownUI */ = {
			isa = XCSwiftPackageProductDependency;
			package = 698320A52C09853C0047EE51 /* XCRemoteSwiftPackageReference "MarkdownUI" */;
			productName = MarkdownUI;
		};
/* End XCSwiftPackageProductDependency section */
	};
	rootObject = 6983206B2C0833430047EE51 /* Project object */;
}
